# This file is automatically @generated by Poetry 2.1.1 and should not be changed by hand.

[[package]]
name = "annotated-types"
version = "0.7.0"
description = "Reusable constraint types to use with typing.Annotated"
optional = false
python-versions = ">=3.8"
groups = ["main"]
files = [
    {file = "annotated_types-0.7.0-py3-none-any.whl", hash = "sha256:1f02e8b43a8fbbc3f3e0d4f0f4bfc8131bcb4eebe8849b8e5c773f3a1c582a53"},
    {file = "annotated_types-0.7.0.tar.gz", hash = "sha256:aff07c09a53a08bc8cfccb9c85b05f1aa9a2a6f23728d790723543408344ce89"},
]

[[package]]
name = "pydantic"
version = "2.11.0a2"
description = "Data validation using Python type hints"
optional = false
python-versions = ">=3.9"
groups = ["main"]
files = []
develop = false

[package.dependencies]
annotated-types = ">=0.6.0"
pydantic-core = "2.30.0"
typing-extensions = ">=4.12.2"

[package.extras]
email = ["email-validator (>=2.0.0)"]
timezone = ["tzdata ; python_version >= \"3.9\" and platform_system == \"Windows\""]

[package.source]
type = "git"
url = "https://github.com/pydantic/pydantic"
reference = "main"
resolved_reference = "789819da86a6b1084f647ebf708f79b3e84a219b"

[[package]]
name = "pydantic-core"
version = "2.30.0"
description = "Core functionality for Pydantic validation and serialization"
optional = false
python-versions = ">=3.9"
groups = ["main"]
files = [
    {file = "pydantic_core-2.30.0-cp310-cp310-macosx_10_12_x86_64.whl", hash = "sha256:85a6c9183c6a1904d55f5642c9a4a482b949b7ed9de853dc1525f2f725193d8c"},
    {file = "pydantic_core-2.30.0-cp310-cp310-macosx_11_0_arm64.whl", hash = "sha256:beaee0b92e8c4b91e7f1ce4e38637efafdfa423d0c13f93e2a5cdda65baedbd9"},
    {file = "pydantic_core-2.30.0-cp310-cp310-manylinux_2_17_aarch64.manylinux2014_aarch64.whl", hash = "sha256:f628511b2714166f296424d5dcc06271ea7e98fde74b8ffa25d08e323a69cefe"},
    {file = "pydantic_core-2.30.0-cp310-cp310-manylinux_2_17_armv7l.manylinux2014_armv7l.whl", hash = "sha256:b16847c0ea655806c24fce2f99ba20555cef15575da744f823d2c91975af352b"},
    {file = "pydantic_core-2.30.0-cp310-cp310-manylinux_2_17_ppc64le.manylinux2014_ppc64le.whl", hash = "sha256:020547b18f89d091e08401c4837f9b8d1e242f08bd18caec67f35584ce3fffb6"},
    {file = "pydantic_core-2.30.0-cp310-cp310-manylinux_2_17_s390x.manylinux2014_s390x.whl", hash = "sha256:c7ff198922af9c749c5061ad796b6dc710c004897b991b4035787c412260e655"},
    {file = "pydantic_core-2.30.0-cp310-cp310-manylinux_2_17_x86_64.manylinux2014_x86_64.whl", hash = "sha256:1c2099803a9017c3a2cf6552077f1a39bb8b4d9a778a8ccf30d6c27952bad1ac"},
    {file = "pydantic_core-2.30.0-cp310-cp310-manylinux_2_5_i686.manylinux1_i686.whl", hash = "sha256:b1b6d96a585cb67525912149874d8886f0c5a2f367ac9d7642c3cb22cd75f14f"},
    {file = "pydantic_core-2.30.0-cp310-cp310-musllinux_1_1_aarch64.whl", hash = "sha256:0b522bfb53b6994d6e5869e399a627c815a0be22b79901f43ccecf5d50817637"},
    {file = "pydantic_core-2.30.0-cp310-cp310-musllinux_1_1_armv7l.whl", hash = "sha256:2b5b9c2efec2f920a5bf8796f400d765bcfdc34e67ed94ac8fecdbc72a133222"},
    {file = "pydantic_core-2.30.0-cp310-cp310-musllinux_1_1_x86_64.whl", hash = "sha256:a4212929c99d3d950ee65e17d42ce724840ae6f3ae7d4b07017f85e9569224b8"},
    {file = "pydantic_core-2.30.0-cp310-cp310-win32.whl", hash = "sha256:51743cfcdca70ad8b190cf1b9cb240c7fdb2fd456eab9d084ae0905d8dbbb179"},
    {file = "pydantic_core-2.30.0-cp310-cp310-win_amd64.whl", hash = "sha256:06ce84c3d767272903dc6317216a17f36fe625d115b48b1014b95ba815189a47"},
    {file = "pydantic_core-2.30.0-cp311-cp311-macosx_10_12_x86_64.whl", hash = "sha256:e535b9e7aaf0066b2dd13793be2c8599c64ea3a7df9c3454fbe61e555d3ddb9e"},
    {file = "pydantic_core-2.30.0-cp311-cp311-macosx_11_0_arm64.whl", hash = "sha256:e1e3d7decfc61ea414312df32230cc631956194e8e2a97001c61878b414c1076"},
    {file = "pydantic_core-2.30.0-cp311-cp311-manylinux_2_17_aarch64.manylinux2014_aarch64.whl", hash = "sha256:bbece7ed30265d15babc581e89745f35fcba1a9bd0e0907ec43f43066d917554"},
    {file = "pydantic_core-2.30.0-cp311-cp311-manylinux_2_17_armv7l.manylinux2014_armv7l.whl", hash = "sha256:f1901fa7edc5e45d5d5a1dd6d46af4db34d1bf7eae080d2900eb253f488c9521"},
    {file = "pydantic_core-2.30.0-cp311-cp311-manylinux_2_17_ppc64le.manylinux2014_ppc64le.whl", hash = "sha256:65a61b31dc9604caa2638209277761772608ee6a0568232f502d6b8f5873c420"},
    {file = "pydantic_core-2.30.0-cp311-cp311-manylinux_2_17_s390x.manylinux2014_s390x.whl", hash = "sha256:d4921faba2c540a849047dee1ecae7035e4e06bbcff467ed9cb87026ecda7c19"},
    {file = "pydantic_core-2.30.0-cp311-cp311-manylinux_2_17_x86_64.manylinux2014_x86_64.whl", hash = "sha256:f060af74fdc30e391dae2aee91d403314e5954ce3d6ff44680f527fbceaa2600"},
    {file = "pydantic_core-2.30.0-cp311-cp311-manylinux_2_5_i686.manylinux1_i686.whl", hash = "sha256:2583fcc2412ab55e473b2f1e56733b7beb9674842dc097acc6bccca62c9445d4"},
    {file = "pydantic_core-2.30.0-cp311-cp311-musllinux_1_1_aarch64.whl", hash = "sha256:0538c322f7231cb1b4a9a1d152fce79f63b078a6930777a3e06a4986e4d9a8f3"},
    {file = "pydantic_core-2.30.0-cp311-cp311-musllinux_1_1_armv7l.whl", hash = "sha256:ffdefe5649a59e73828f6dda556c529a7c999e0c113617dff9f3f011ff3f9c16"},
    {file = "pydantic_core-2.30.0-cp311-cp311-musllinux_1_1_x86_64.whl", hash = "sha256:0702b136aa1a6f083de67dbe248193e7197674ba4d07a9982fc5aaed0952a176"},
    {file = "pydantic_core-2.30.0-cp311-cp311-win32.whl", hash = "sha256:fcde852ffe62b60e40a4e82d175efe732e0ab3c3038c6a34bbfd5b4a4e016859"},
    {file = "pydantic_core-2.30.0-cp311-cp311-win_amd64.whl", hash = "sha256:9d0e146f123a441606a64a24854ac20c03934c5e88f9f4b1e53d74ac6da80e12"},
    {file = "pydantic_core-2.30.0-cp311-cp311-win_arm64.whl", hash = "sha256:209ddad9f8a7b858b8b6b936fb7a32418ca9a5a93992aeb320c2218c62aaf6ff"},
    {file = "pydantic_core-2.30.0-cp312-cp312-macosx_10_12_x86_64.whl", hash = "sha256:b621a0e146d68548e7453b1e5273f0a5e428bc5578d2e2e4e72d8306f945b084"},
    {file = "pydantic_core-2.30.0-cp312-cp312-macosx_11_0_arm64.whl", hash = "sha256:db4882925db296ef45234b33bbbb1416967e2082ae723404dbc7ee3f136a0230"},
    {file = "pydantic_core-2.30.0-cp312-cp312-manylinux_2_17_aarch64.manylinux2014_aarch64.whl", hash = "sha256:c7e92a612070de42c0d00997fde5d9b9a7ab0484d4e3861d2e9a7d53dcfb4c46"},
    {file = "pydantic_core-2.30.0-cp312-cp312-manylinux_2_17_armv7l.manylinux2014_armv7l.whl", hash = "sha256:875f1d58e670d028b3dd8abf2712a30a8e3aafae93e16adc3b28eafe0ce7642c"},
    {file = "pydantic_core-2.30.0-cp312-cp312-manylinux_2_17_ppc64le.manylinux2014_ppc64le.whl", hash = "sha256:acfc7e8b428ec6320d4124a5a85902400c45f41ada239d2140b6c3b2d876c763"},
    {file = "pydantic_core-2.30.0-cp312-cp312-manylinux_2_17_s390x.manylinux2014_s390x.whl", hash = "sha256:a6c393d776087aed5591ac9eaa2cfada2e3bfb81b0a74a52a9e80bfdb3e1342c"},
    {file = "pydantic_core-2.30.0-cp312-cp312-manylinux_2_17_x86_64.manylinux2014_x86_64.whl", hash = "sha256:386476186c3797a5c2f9595d17d5a8f40c517e64d35f5b587b70b9c584f00358"},
    {file = "pydantic_core-2.30.0-cp312-cp312-manylinux_2_5_i686.manylinux1_i686.whl", hash = "sha256:b285115117036e19c1515f4dc16a00c74aee0fa1907d644cde3d54a8882af557"},
    {file = "pydantic_core-2.30.0-cp312-cp312-musllinux_1_1_aarch64.whl", hash = "sha256:56e77268f654ac18e2339adf0ec7374116bb63554c42c4e2afad35f611b49ac7"},
    {file = "pydantic_core-2.30.0-cp312-cp312-musllinux_1_1_armv7l.whl", hash = "sha256:de90ba6e4ee9fa66b38fb8c3c026e91871693cc16e39b420a944cb91c4451f0d"},
    {file = "pydantic_core-2.30.0-cp312-cp312-musllinux_1_1_x86_64.whl", hash = "sha256:7a4253c698a96f29d245e36004fdddddf2f9a4fc3b43a59d36a258abfb6fbebd"},
    {file = "pydantic_core-2.30.0-cp312-cp312-win32.whl", hash = "sha256:918975a8c0d6569bab0e4d5197be6f39a7526bccd68ffd301095dab492608824"},
    {file = "pydantic_core-2.30.0-cp312-cp312-win_amd64.whl", hash = "sha256:e12d5ef7c31d32fd4df8d891a23e25d964bc3641c113d118be85f2dd6042144e"},
    {file = "pydantic_core-2.30.0-cp312-cp312-win_arm64.whl", hash = "sha256:31b54a289b852c8ffe30d30bb4a4e8078cf0f97b8ea193ca6a7e8db2304bcf58"},
    {file = "pydantic_core-2.30.0-cp313-cp313-macosx_10_12_x86_64.whl", hash = "sha256:c0ac3ece91a6381e317754bddeae563aaa63d94bafe5edfcbb25b3bb1884f0ae"},
    {file = "pydantic_core-2.30.0-cp313-cp313-macosx_11_0_arm64.whl", hash = "sha256:bb8f542ebed52c7daed2d99a8cb86d866bcb5d7594c91fc873b85a48d849bc1a"},
    {file = "pydantic_core-2.30.0-cp313-cp313-manylinux_2_17_aarch64.manylinux2014_aarch64.whl", hash = "sha256:00d82abe4582c060da3d7723ff68c0711d60e4027917dcb11c1c6f686b998ad8"},
    {file = "pydantic_core-2.30.0-cp313-cp313-manylinux_2_17_armv7l.manylinux2014_armv7l.whl", hash = "sha256:c16e2e9468452af9b5e53c64ee350fc28bc682a9eee07c8d0bcc38390d83afd6"},
    {file = "pydantic_core-2.30.0-cp313-cp313-manylinux_2_17_ppc64le.manylinux2014_ppc64le.whl", hash = "sha256:3a5d0ecaa64bf9e6888ca53b0c4c316275fff601838bd9a164fbec191b8d800a"},
    {file = "pydantic_core-2.30.0-cp313-cp313-manylinux_2_17_s390x.manylinux2014_s390x.whl", hash = "sha256:681b7fb5c6a393eb8dd3abff1bacb5ea7ef9b5facedbac3f678e2353ec4d8ebe"},
    {file = "pydantic_core-2.30.0-cp313-cp313-manylinux_2_17_x86_64.manylinux2014_x86_64.whl", hash = "sha256:f1db87cbb99da87a3b0fedf2aa820ac2ac200e17475111a5f9f972edd40a5731"},
    {file = "pydantic_core-2.30.0-cp313-cp313-manylinux_2_5_i686.manylinux1_i686.whl", hash = "sha256:f67f33b0c3382a64b0eeeb29bf2e735387a93c5da13ef1a7317c089d15a17bf0"},
    {file = "pydantic_core-2.30.0-cp313-cp313-musllinux_1_1_aarch64.whl", hash = "sha256:5d76bf5f8618a0e8442f80ce9b59e21f50064d3f4bcbe04ad63212322025e3c3"},
    {file = "pydantic_core-2.30.0-cp313-cp313-musllinux_1_1_armv7l.whl", hash = "sha256:ebc49300956f9e053616de75087ac10c6eba5695269d00a35e292a672b539e37"},
    {file = "pydantic_core-2.30.0-cp313-cp313-musllinux_1_1_x86_64.whl", hash = "sha256:876b9d3722799d41835eabcb10e963ad1466f2f4fa83200d4c5f45eaffdaea61"},
    {file = "pydantic_core-2.30.0-cp313-cp313-win32.whl", hash = "sha256:a988727ae68973bbaebf63316bd238b3b236099bee2817eb8ffba12fabe8f14f"},
    {file = "pydantic_core-2.30.0-cp313-cp313-win_amd64.whl", hash = "sha256:62e307ce9237b4eb92f4da232d599636398122602a8c08a7c6e9f527803da7ac"},
    {file = "pydantic_core-2.30.0-cp313-cp313-win_arm64.whl", hash = "sha256:940700e0149ef3e8451ad8a4ebb447f29b7f73c3ce7a8511791d851cf7787da4"},
    {file = "pydantic_core-2.30.0-cp313-cp313t-macosx_11_0_arm64.whl", hash = "sha256:4e54e400b7f3c6faa94bcd31b1dc6337cefe098582b93d711fd75ec98a15810f"},
    {file = "pydantic_core-2.30.0-cp313-cp313t-manylinux_2_17_x86_64.manylinux2014_x86_64.whl", hash = "sha256:f2af0870a732f197c194177f22db204845341d89756e8d425b72256402248bb5"},
    {file = "pydantic_core-2.30.0-cp313-cp313t-win_amd64.whl", hash = "sha256:3c7683087c6fa188aecf36cf5c835aa1dcf8dce4ba46643b24adfd46a80c33a0"},
    {file = "pydantic_core-2.30.0-cp39-cp39-macosx_10_12_x86_64.whl", hash = "sha256:7aa7535f2487fb654fa3404741b41442984f1290bc1936e3df7971b8088e535b"},
    {file = "pydantic_core-2.30.0-cp39-cp39-macosx_11_0_arm64.whl", hash = "sha256:79942774065c0004328f3507901735de249a11dbb2495fd40569ab9fa847365e"},
    {file = "pydantic_core-2.30.0-cp39-cp39-manylinux_2_17_aarch64.manylinux2014_aarch64.whl", hash = "sha256:e0f37547dfb110fb40acd456bb87ff70d5d23b6b32c924908bcc6ca2abccbe89"},
    {file = "pydantic_core-2.30.0-cp39-cp39-manylinux_2_17_armv7l.manylinux2014_armv7l.whl", hash = "sha256:50c7a42f4981fcf03d191c684752b2d367c1640e07550daaaa08ef6be0c0ddce"},
    {file = "pydantic_core-2.30.0-cp39-cp39-manylinux_2_17_ppc64le.manylinux2014_ppc64le.whl", hash = "sha256:795069b04a367f4622cbeba03cf0c1330db3b84478a65003590d2669d57a34bc"},
    {file = "pydantic_core-2.30.0-cp39-cp39-manylinux_2_17_s390x.manylinux2014_s390x.whl", hash = "sha256:136258fdec5841482aaa11ef7cec8c738f1eb74f66f48d49544437ab128b9c4f"},
    {file = "pydantic_core-2.30.0-cp39-cp39-manylinux_2_17_x86_64.manylinux2014_x86_64.whl", hash = "sha256:fa295c34e3f05a1f9536da5991bf6fec5adc0c00d02e77118dc743e816f81cd0"},
    {file = "pydantic_core-2.30.0-cp39-cp39-manylinux_2_5_i686.manylinux1_i686.whl", hash = "sha256:f9ab8d9d94aef552efb1420b95cb5c7092a5879ac07bb1e21300bb519fcb972f"},
    {file = "pydantic_core-2.30.0-cp39-cp39-musllinux_1_1_aarch64.whl", hash = "sha256:f66b1a0e6672c331ad277d5963080e2b93dd448ea8e61d29a04dfd5dc6937d29"},
    {file = "pydantic_core-2.30.0-cp39-cp39-musllinux_1_1_armv7l.whl", hash = "sha256:879b5e09ebd4e136cb7aa924b35494ef4899132de3cc47512a8e0774a450ce2f"},
    {file = "pydantic_core-2.30.0-cp39-cp39-musllinux_1_1_x86_64.whl", hash = "sha256:181f4199d13c1cff4c21e58e4984e21b11703680a70993356ad712a8207dc555"},
    {file = "pydantic_core-2.30.0-cp39-cp39-win32.whl", hash = "sha256:df0c38ad36c4f67e055e736037a80b78d15de4e3cb72314710e2152fb5327e01"},
    {file = "pydantic_core-2.30.0-cp39-cp39-win_amd64.whl", hash = "sha256:59bc81c847ff8117707cec21e02bb4c3b7d16925d92adf796700c08de901cd25"},
    {file = "pydantic_core-2.30.0-pp310-pypy310_pp73-macosx_10_12_x86_64.whl", hash = "sha256:da25feb6f0b98d1b09731d7b3fbb8308c7eee9e0b4fbbf44a7903c1a26eebca3"},
    {file = "pydantic_core-2.30.0-pp310-pypy310_pp73-macosx_11_0_arm64.whl", hash = "sha256:74824f90ff17dbc930c419d9b215cc3679b1950997969f8bc1a6a81972e18e77"},
    {file = "pydantic_core-2.30.0-pp310-pypy310_pp73-manylinux_2_17_aarch64.manylinux2014_aarch64.whl", hash = "sha256:3f3f19742f99fc119e1b01361b237c7314fa2687de6c22a639d32ce5e9d47179"},
    {file = "pydantic_core-2.30.0-pp310-pypy310_pp73-manylinux_2_17_x86_64.manylinux2014_x86_64.whl", hash = "sha256:9c6866e9167f017dbff1d04f22a01f503f003c07c35d4d7a8e52e34238fb7dae"},
    {file = "pydantic_core-2.30.0-pp310-pypy310_pp73-manylinux_2_5_i686.manylinux1_i686.whl", hash = "sha256:047b1b7f2257317d5dad6106d3753b4edda6caf4725e387c2ea3c65c785aa85a"},
    {file = "pydantic_core-2.30.0-pp310-pypy310_pp73-musllinux_1_1_aarch64.whl", hash = "sha256:790503884caa69fc305aaf6232ab12f8ee1037f970f3bf8b62bb822585455173"},
    {file = "pydantic_core-2.30.0-pp310-pypy310_pp73-musllinux_1_1_armv7l.whl", hash = "sha256:6e1875153dc67fc19e9fd33f10d77f341cdc86fe5bda6b4781ab8aa1fe90208d"},
    {file = "pydantic_core-2.30.0-pp310-pypy310_pp73-musllinux_1_1_x86_64.whl", hash = "sha256:32835dc2d5e3586e2df35310f1e21bc07d8e9d3db71f6154aab953692a1fcdfc"},
    {file = "pydantic_core-2.30.0-pp310-pypy310_pp73-win_amd64.whl", hash = "sha256:1fb15d18bee8e5986c48c816d1305844e424143d4b677722c06717e5b7caff05"},
    {file = "pydantic_core-2.30.0-pp311-pypy311_pp73-macosx_10_12_x86_64.whl", hash = "sha256:3e690a7b296487cac4578509703a202be7f6fa5a873f691877f45de647255fc6"},
    {file = "pydantic_core-2.30.0-pp311-pypy311_pp73-macosx_11_0_arm64.whl", hash = "sha256:b7f8221b8f4dd14b02bd3cc2a4ed774592054058ecb2f4933afd9b8ebfd028e9"},
    {file = "pydantic_core-2.30.0-pp311-pypy311_pp73-manylinux_2_17_aarch64.manylinux2014_aarch64.whl", hash = "sha256:410ede45dad2678ea08f48fa8874bb3172d445242fd0d2664a0253565cdecc02"},
    {file = "pydantic_core-2.30.0-pp311-pypy311_pp73-manylinux_2_17_x86_64.manylinux2014_x86_64.whl", hash = "sha256:75cd77c632f963c4c8ea3185b09ac0f7edc7656c31ecd3ec7d1bfff5a79d50b5"},
    {file = "pydantic_core-2.30.0-pp311-pypy311_pp73-manylinux_2_5_i686.manylinux1_i686.whl", hash = "sha256:4cfc72938bec5ece8c126100e51c573d637f2adbaf01f64e135adc9404b0aa99"},
    {file = "pydantic_core-2.30.0-pp311-pypy311_pp73-musllinux_1_1_aarch64.whl", hash = "sha256:e94eb7e1cdc1c12f08df7cab9afd16565b114a102e01ed0aaf36e860ca4b4a2d"},
    {file = "pydantic_core-2.30.0-pp311-pypy311_pp73-musllinux_1_1_armv7l.whl", hash = "sha256:982e061d42745d1af82ab18c863f6bfbbe853b779a5987b5e54bb15833c0d6e6"},
    {file = "pydantic_core-2.30.0-pp311-pypy311_pp73-musllinux_1_1_x86_64.whl", hash = "sha256:decc77c45794def4256674e6c5a102a34ab7beca9dd2c5cf34fb09506231013b"},
    {file = "pydantic_core-2.30.0-pp311-pypy311_pp73-win_amd64.whl", hash = "sha256:bb565076749a879a5b4b5a9551f69e179b65d84a53dceee456271f983e68475a"},
    {file = "pydantic_core-2.30.0-pp39-pypy39_pp73-macosx_10_12_x86_64.whl", hash = "sha256:0540f9bda8c67a3fd10079db6d287f9fb456eedd1138e14de2816ef2ef0d1b51"},
    {file = "pydantic_core-2.30.0-pp39-pypy39_pp73-macosx_11_0_arm64.whl", hash = "sha256:43e25c87e08d8b17420fcfeed92bb6af0d20fac069dff3d454c136aaabcd175a"},
    {file = "pydantic_core-2.30.0-pp39-pypy39_pp73-manylinux_2_17_aarch64.manylinux2014_aarch64.whl", hash = "sha256:47cc96c3d9080df6a8f606844b4d86391c602a1d6410c27ce468cdd8df40ad92"},
    {file = "pydantic_core-2.30.0-pp39-pypy39_pp73-manylinux_2_17_x86_64.manylinux2014_x86_64.whl", hash = "sha256:14c492620b94a51aaadcc56dc6c2f807d2cb928f4d1a77f1c25e23231bc40d6d"},
    {file = "pydantic_core-2.30.0-pp39-pypy39_pp73-manylinux_2_5_i686.manylinux1_i686.whl", hash = "sha256:f20cb1338332c92b2751a8bca50597f3d2f1a521dfeaf1aee77cb63df2fc8c20"},
    {file = "pydantic_core-2.30.0-pp39-pypy39_pp73-musllinux_1_1_aarch64.whl", hash = "sha256:ecde527d78e3bc51d0bcd89b8ae8d9dd82d96d7d854573df52430bab1e1a3991"},
    {file = "pydantic_core-2.30.0-pp39-pypy39_pp73-musllinux_1_1_armv7l.whl", hash = "sha256:e17b2efed813caa1d37e8834ece04f5d13f9d64bd95876942ad79354b88d4cc7"},
    {file = "pydantic_core-2.30.0-pp39-pypy39_pp73-musllinux_1_1_x86_64.whl", hash = "sha256:cebf953261242d38f6a54f370cc8f1a3cdc366aa6f20760e54543eaaeb648edb"},
    {file = "pydantic_core-2.30.0-pp39-pypy39_pp73-win_amd64.whl", hash = "sha256:8cf987577b764307bb56988be93a087b5f36bedc2c3469ebe5e074831b68eeff"},
    {file = "pydantic_core-2.30.0.tar.gz", hash = "sha256:dd02949948ad60e55e5926d4da4a55df75cab06a4c97da66d07c285ee441c86c"},
]

[package.dependencies]
typing-extensions = ">=4.6.0,<4.7.0 || >4.7.0"

[[package]]
name = "typing-extensions"
version = "4.12.2"
description = "Backported and Experimental Type Hints for Python 3.8+"
optional = false
python-versions = ">=3.8"
groups = ["main"]
files = [
    {file = "typing_extensions-4.12.2-py3-none-any.whl", hash = "sha256:04e5ca0351e0f3f85c6853954072df659d0d13fac324d0072316b67d7794700d"},
    {file = "typing_extensions-4.12.2.tar.gz", hash = "sha256:1a7ead55c7e559dd4dee8856e3a88b41225abfe1ce8df57b7c13915fe121ffb8"},
]

[metadata]
lock-version = "2.1"
python-versions = ">=3.12"
content-hash = "2a19cbe4089600a88ba3e1d02ae287575a19ebfc91cab616744b9dad5714b802"
